<?xml version="1.0" encoding="utf-8"?>
<Project ToolsVersion="4.0" xmlns="http://schemas.microsoft.com/developer/msbuild/2003">
  <ItemGroup>
    <Filter Include="Файлы исходного кода">
      <UniqueIdentifier>{4FC737F1-C7A5-4376-A066-2A32D752A2FF}</UniqueIdentifier>
      <Extensions>cpp;c;cc;cxx;def;odl;idl;hpj;bat;asm;asmx</Extensions>
    </Filter>
    <Filter Include="Заголовочные файлы">
      <UniqueIdentifier>{93995380-89BD-4b04-88EB-625FBE52EBFB}</UniqueIdentifier>
      <Extensions>h;hh;hpp;hxx;hm;inl;inc;xsd</Extensions>
    </Filter>
    <Filter Include="Файлы ресурсов">
      <UniqueIdentifier>{67DA6AB6-F800-4c08-8B7A-83BB121AAD01}</UniqueIdentifier>
      <Extensions>rc;ico;cur;bmp;dlg;rc2;rct;bin;rgs;gif;jpg;jpeg;jpe;resx;tiff;tif;png;wav;mfcribbon-ms</Extensions>
    </Filter>
    <Filter Include="Заголовочные файлы\building">
      <UniqueIdentifier>{b74dd433-7d2a-4f43-8d06-c2c301fcba0f}</UniqueIdentifier>
    </Filter>
    <Filter Include="Заголовочные файлы\building\floor">
      <UniqueIdentifier>{10413a1f-ea85-4e0d-9440-6c2230093447}</UniqueIdentifier>
    </Filter>
    <Filter Include="Заголовочные файлы\elevator">
      <UniqueIdentifier>{66b2dfaa-f666-47da-b8ff-64a3650cd7fd}</UniqueIdentifier>
    </Filter>
    <Filter Include="Заголовочные файлы\elevator\buttons">
      <UniqueIdentifier>{c7c7fb93-350d-43f9-b2ac-5b371cb466f7}</UniqueIdentifier>
    </Filter>
    <Filter Include="Файлы исходного кода\elevator">
      <UniqueIdentifier>{1bfe0526-af47-48ea-9abd-d56e3452ba8b}</UniqueIdentifier>
    </Filter>
    <Filter Include="Файлы исходного кода\elevator\buttons">
      <UniqueIdentifier>{5a6ae84b-50ea-4ed3-9322-bbc450449f90}</UniqueIdentifier>
    </Filter>
    <Filter Include="Файлы исходного кода\building">
      <UniqueIdentifier>{305933d7-9df4-4e7c-955e-0bff68720077}</UniqueIdentifier>
    </Filter>
    <Filter Include="Файлы исходного кода\building\floor">
      <UniqueIdentifier>{f3aa6c60-3eb1-4f3f-b457-37e19ddf2160}</UniqueIdentifier>
    </Filter>
  </ItemGroup>
  <ItemGroup>
    <Text Include="ReadMe.txt" />
  </ItemGroup>
  <ItemGroup>
    <ClInclude Include="stdafx.h">
      <Filter>Заголовочные файлы</Filter>
    </ClInclude>
    <ClInclude Include="targetver.h">
      <Filter>Заголовочные файлы</Filter>
    </ClInclude>
    <ClInclude Include="callbtn.h">
      <Filter>Заголовочные файлы\elevator\buttons</Filter>
    </ClInclude>
    <ClInclude Include="button.h">
      <Filter>Заголовочные файлы\elevator\buttons</Filter>
    </ClInclude>
    <ClInclude Include="openclosebtn.h">
      <Filter>Заголовочные файлы\elevator\buttons</Filter>
    </ClInclude>
    <ClInclude Include="choicefloorbtn.h">
      <Filter>Заголовочные файлы\elevator\buttons</Filter>
    </ClInclude>
    <ClInclude Include="floor.h">
      <Filter>Заголовочные файлы\building\floor</Filter>
    </ClInclude>
    <ClInclude Include="firstlastfloor.h">
      <Filter>Заголовочные файлы\building\floor</Filter>
    </ClInclude>
    <ClInclude Include="interjacentfloor.h">
      <Filter>Заголовочные файлы\building\floor</Filter>
    </ClInclude>
    <ClInclude Include="building.h">
      <Filter>Заголовочные файлы\building</Filter>
    </ClInclude>
    <ClInclude Include="door.h">
      <Filter>Заголовочные файлы\elevator</Filter>
    </ClInclude>
    <ClInclude Include="conddir.h">
      <Filter>Заголовочные файлы\elevator</Filter>
    </ClInclude>
    <ClInclude Include="doorcond.h">
      <Filter>Заголовочные файлы\elevator</Filter>
    </ClInclude>
    <ClInclude Include="engine.h">
      <Filter>Заголовочные файлы\elevator</Filter>
    </ClInclude>
    <ClInclude Include="elevator.h">
      <Filter>Заголовочные файлы\elevator</Filter>
    </ClInclude>
    <ClInclude Include="stopbtn.h">
      <Filter>Заголовочные файлы\elevator\buttons</Filter>
    </ClInclude>
    <ClInclude Include="btnside.h">
      <Filter>Заголовочные файлы</Filter>
    </ClInclude>
    <ClInclude Include="elevctrlinterplay.h">
      <Filter>Заголовочные файлы</Filter>
    </ClInclude>
  </ItemGroup>
  <ItemGroup>
    <ClCompile Include="stdafx.cpp">
      <Filter>Файлы исходного кода</Filter>
    </ClCompile>
    <ClCompile Include="elevatorsystem.cpp">
      <Filter>Файлы исходного кода</Filter>
    </ClCompile>
    <ClCompile Include="door.cpp">
      <Filter>Файлы исходного кода\elevator</Filter>
    </ClCompile>
    <ClCompile Include="engine.cpp">
      <Filter>Файлы исходного кода\elevator</Filter>
    </ClCompile>
    <ClCompile Include="building.cpp">
      <Filter>Файлы исходного кода\building</Filter>
    </ClCompile>
    <ClCompile Include="floor.cpp">
      <Filter>Файлы исходного кода\building\floor</Filter>
    </ClCompile>
    <ClCompile Include="interjacentfloor.cpp">
      <Filter>Файлы исходного кода\building\floor</Filter>
    </ClCompile>
    <ClCompile Include="firstlastfloor.cpp">
      <Filter>Файлы исходного кода\building\floor</Filter>
    </ClCompile>
    <ClCompile Include="callbtn.cpp">
      <Filter>Файлы исходного кода\elevator\buttons</Filter>
    </ClCompile>
    <ClCompile Include="choicefloorbtn.cpp">
      <Filter>Файлы исходного кода\elevator\buttons</Filter>
    </ClCompile>
    <ClCompile Include="stopbtn.cpp">
      <Filter>Файлы исходного кода\elevator\buttons</Filter>
    </ClCompile>
    <ClCompile Include="openclosebtn.cpp">
      <Filter>Файлы исходного кода\elevator\buttons</Filter>
    </ClCompile>
    <ClCompile Include="elevator.cpp">
      <Filter>Файлы исходного кода\elevator</Filter>
    </ClCompile>
    <ClCompile Include="button.cpp">
      <Filter>Файлы исходного кода\elevator\buttons</Filter>
    </ClCompile>
    <ClCompile Include="elevctrlinterplay.cpp">
      <Filter>Файлы исходного кода</Filter>
    </ClCompile>
  </ItemGroup>
  <ItemGroup>
    <None Include="ClassDiagram.cd" />
  </ItemGroup>
</Project>